
Microsoft Visual Studio Solution File, Format Version 12.00
# Visual Studio Version 16
VisualStudioVersion = 16.0.29519.87
MinimumVisualStudioVersion = 10.0.40219.1
Project("{9A19103F-16F7-4668-BE54-9A1E7A4F7556}") = "Ddl.Transpiler", "src\Transpiler\Ddl.Transpiler\Ddl.Transpiler.csproj", "{936C96C5-E5BB-4447-A356-8CBE082F5B00}"
EndProject
Project("{9A19103F-16F7-4668-BE54-9A1E7A4F7556}") = "Ddl.Parser.Models", "src\Parser\Ddl.Parser.Models\Ddl.Parser.Models.csproj", "{BE7C7987-B622-442D-B594-BE69767579FF}"
EndProject
Project("{9A19103F-16F7-4668-BE54-9A1E7A4F7556}") = "Ddl.Parser", "src\Parser\Ddl.Parser\Ddl.Parser.csproj", "{3FE7C8E4-2B81-4A41-8D53-955297437852}"
EndProject
Project("{9A19103F-16F7-4668-BE54-9A1E7A4F7556}") = "Ddl.Parser.Tests", "tests\Ddl.Parser.Tests\Ddl.Parser.Tests.csproj", "{0669B37D-A8CF-4BC1-BFD5-73B9BCE190FD}"
EndProject
Project("{9A19103F-16F7-4668-BE54-9A1E7A4F7556}") = "Ddl.Lexer", "src\Parser\Ddl.Lexer\Ddl.Lexer.csproj", "{3A9E3D9D-72B0-4DA0-A9C4-E4E2B6DFDE2A}"
EndProject
Project("{9A19103F-16F7-4668-BE54-9A1E7A4F7556}") = "Ddl.Lexer.Tests", "tests\Ddl.Lexer.Tests\Ddl.Lexer.Tests.csproj", "{018472AB-9076-45A2-9712-143D5DB367C8}"
EndProject
Project("{9A19103F-16F7-4668-BE54-9A1E7A4F7556}") = "Ddl.Cli", "src\Cli\Ddl.Cli\Ddl.Cli.csproj", "{AA070188-81A9-4FF5-8272-68ECDD2F33C9}"
EndProject
Project("{9A19103F-16F7-4668-BE54-9A1E7A4F7556}") = "Ddl.Parser.Implementations", "src\Parser\Ddl.Parser.Implementations\Ddl.Parser.Implementations.csproj", "{68BD428E-5013-4537-A10C-ED498B689616}"
EndProject
Project("{9A19103F-16F7-4668-BE54-9A1E7A4F7556}") = "Ddl.Parser.Common", "src\Parser\Ddl.Parser.Common\Ddl.Parser.Common.csproj", "{FB8BB7DE-75F0-4402-B8BE-84BB3F3CD850}"
EndProject
Project("{9A19103F-16F7-4668-BE54-9A1E7A4F7556}") = "Ddl.Parser.Shared", "src\Parser\Ddl.Parser.Shared\Ddl.Parser.Shared.csproj", "{2505144E-0509-4415-B4F7-E9A79BAF287E}"
EndProject
Project("{9A19103F-16F7-4668-BE54-9A1E7A4F7556}") = "Ddl.Lexer.Shared", "src\Parser\Ddl.Lexer.Shared\Ddl.Lexer.Shared.csproj", "{51984FC2-BB25-444B-9296-35CBE02A8F76}"
EndProject
Project("{9A19103F-16F7-4668-BE54-9A1E7A4F7556}") = "Ddl.Cli.Abstractions", "src\Cli\Ddl.Cli.Abstractions\Ddl.Cli.Abstractions.csproj", "{811E1D4A-EFE8-4E9A-9308-9D7D9A0906A9}"
EndProject
Project("{2150E333-8FDC-42A3-9474-1A3956D46DE8}") = "Cli", "Cli", "{7C2C931B-A5D7-428A-85AD-A7F6223FAFEB}"
EndProject
Project("{2150E333-8FDC-42A3-9474-1A3956D46DE8}") = "Parser", "Parser", "{FF13257A-EE66-4BF4-A8BE-E6F18BC4F9F0}"
EndProject
Project("{2150E333-8FDC-42A3-9474-1A3956D46DE8}") = "Transpiler", "Transpiler", "{C5508B3F-6097-4511-8882-7FD4882B1554}"
EndProject
Project("{2150E333-8FDC-42A3-9474-1A3956D46DE8}") = "Parsers", "Parsers", "{153E2A26-6A56-4B40-BA2C-15F5F5A7A929}"
EndProject
Project("{2150E333-8FDC-42A3-9474-1A3956D46DE8}") = "Lexers", "Lexers", "{ABDA72D5-48B8-41C1-8C11-A8F546379678}"
EndProject
Project("{2150E333-8FDC-42A3-9474-1A3956D46DE8}") = "Tests", "Tests", "{F79822E3-0D3A-4304-9B2E-AD3A4FF67E8A}"
EndProject
Project("{9A19103F-16F7-4668-BE54-9A1E7A4F7556}") = "Ddl.Resolve", "src\Resolve\Ddl.Resolve\Ddl.Resolve.csproj", "{D67DBDB4-0CBF-4EED-8800-DE1C2DD30075}"
EndProject
Project("{9A19103F-16F7-4668-BE54-9A1E7A4F7556}") = "Ddl.Resolve.Models", "src\Resolve\Ddl.Resolve.Models\Ddl.Resolve.Models.csproj", "{2B13057E-DA00-4390-8C76-3538D8F5D87C}"
EndProject
Project("{2150E333-8FDC-42A3-9474-1A3956D46DE8}") = "Common", "Common", "{E3406975-3776-4F69-99B8-0FE205CF2FAB}"
EndProject
Project("{9A19103F-16F7-4668-BE54-9A1E7A4F7556}") = "Ddl.Common", "src\Common\Ddl.Common\Ddl.Common.csproj", "{80852E4E-031F-4CC0-9DF8-3BD069423CC4}"
EndProject
Project("{9A19103F-16F7-4668-BE54-9A1E7A4F7556}") = "Ddl.Common.Models", "src\Common\Ddl.Common.Models\Ddl.Common.Models.csproj", "{A4D73A1A-E53B-4A36-A258-3EDB2AC643F0}"
EndProject
Project("{2150E333-8FDC-42A3-9474-1A3956D46DE8}") = "Resolve", "Resolve", "{82E02B78-276E-4BAB-8218-7E49603D38D4}"
EndProject
Global
	GlobalSection(SolutionConfigurationPlatforms) = preSolution
		Debug|Any CPU = Debug|Any CPU
		Release|Any CPU = Release|Any CPU
	EndGlobalSection
	GlobalSection(ProjectConfigurationPlatforms) = postSolution
		{936C96C5-E5BB-4447-A356-8CBE082F5B00}.Debug|Any CPU.ActiveCfg = Debug|Any CPU
		{936C96C5-E5BB-4447-A356-8CBE082F5B00}.Debug|Any CPU.Build.0 = Debug|Any CPU
		{936C96C5-E5BB-4447-A356-8CBE082F5B00}.Release|Any CPU.ActiveCfg = Release|Any CPU
		{936C96C5-E5BB-4447-A356-8CBE082F5B00}.Release|Any CPU.Build.0 = Release|Any CPU
		{BE7C7987-B622-442D-B594-BE69767579FF}.Debug|Any CPU.ActiveCfg = Debug|Any CPU
		{BE7C7987-B622-442D-B594-BE69767579FF}.Debug|Any CPU.Build.0 = Debug|Any CPU
		{BE7C7987-B622-442D-B594-BE69767579FF}.Release|Any CPU.ActiveCfg = Release|Any CPU
		{BE7C7987-B622-442D-B594-BE69767579FF}.Release|Any CPU.Build.0 = Release|Any CPU
		{3FE7C8E4-2B81-4A41-8D53-955297437852}.Debug|Any CPU.ActiveCfg = Debug|Any CPU
		{3FE7C8E4-2B81-4A41-8D53-955297437852}.Debug|Any CPU.Build.0 = Debug|Any CPU
		{3FE7C8E4-2B81-4A41-8D53-955297437852}.Release|Any CPU.ActiveCfg = Release|Any CPU
		{3FE7C8E4-2B81-4A41-8D53-955297437852}.Release|Any CPU.Build.0 = Release|Any CPU
		{0669B37D-A8CF-4BC1-BFD5-73B9BCE190FD}.Debug|Any CPU.ActiveCfg = Debug|Any CPU
		{0669B37D-A8CF-4BC1-BFD5-73B9BCE190FD}.Debug|Any CPU.Build.0 = Debug|Any CPU
		{0669B37D-A8CF-4BC1-BFD5-73B9BCE190FD}.Release|Any CPU.ActiveCfg = Release|Any CPU
		{0669B37D-A8CF-4BC1-BFD5-73B9BCE190FD}.Release|Any CPU.Build.0 = Release|Any CPU
		{3A9E3D9D-72B0-4DA0-A9C4-E4E2B6DFDE2A}.Debug|Any CPU.ActiveCfg = Debug|Any CPU
		{3A9E3D9D-72B0-4DA0-A9C4-E4E2B6DFDE2A}.Debug|Any CPU.Build.0 = Debug|Any CPU
		{3A9E3D9D-72B0-4DA0-A9C4-E4E2B6DFDE2A}.Release|Any CPU.ActiveCfg = Release|Any CPU
		{3A9E3D9D-72B0-4DA0-A9C4-E4E2B6DFDE2A}.Release|Any CPU.Build.0 = Release|Any CPU
		{018472AB-9076-45A2-9712-143D5DB367C8}.Debug|Any CPU.ActiveCfg = Debug|Any CPU
		{018472AB-9076-45A2-9712-143D5DB367C8}.Debug|Any CPU.Build.0 = Debug|Any CPU
		{018472AB-9076-45A2-9712-143D5DB367C8}.Release|Any CPU.ActiveCfg = Release|Any CPU
		{018472AB-9076-45A2-9712-143D5DB367C8}.Release|Any CPU.Build.0 = Release|Any CPU
		{AA070188-81A9-4FF5-8272-68ECDD2F33C9}.Debug|Any CPU.ActiveCfg = Debug|Any CPU
		{AA070188-81A9-4FF5-8272-68ECDD2F33C9}.Debug|Any CPU.Build.0 = Debug|Any CPU
		{AA070188-81A9-4FF5-8272-68ECDD2F33C9}.Release|Any CPU.ActiveCfg = Release|Any CPU
		{AA070188-81A9-4FF5-8272-68ECDD2F33C9}.Release|Any CPU.Build.0 = Release|Any CPU
		{68BD428E-5013-4537-A10C-ED498B689616}.Debug|Any CPU.ActiveCfg = Debug|Any CPU
		{68BD428E-5013-4537-A10C-ED498B689616}.Debug|Any CPU.Build.0 = Debug|Any CPU
		{68BD428E-5013-4537-A10C-ED498B689616}.Release|Any CPU.ActiveCfg = Release|Any CPU
		{68BD428E-5013-4537-A10C-ED498B689616}.Release|Any CPU.Build.0 = Release|Any CPU
		{FB8BB7DE-75F0-4402-B8BE-84BB3F3CD850}.Debug|Any CPU.ActiveCfg = Debug|Any CPU
		{FB8BB7DE-75F0-4402-B8BE-84BB3F3CD850}.Debug|Any CPU.Build.0 = Debug|Any CPU
		{FB8BB7DE-75F0-4402-B8BE-84BB3F3CD850}.Release|Any CPU.ActiveCfg = Release|Any CPU
		{FB8BB7DE-75F0-4402-B8BE-84BB3F3CD850}.Release|Any CPU.Build.0 = Release|Any CPU
		{2505144E-0509-4415-B4F7-E9A79BAF287E}.Debug|Any CPU.ActiveCfg = Debug|Any CPU
		{2505144E-0509-4415-B4F7-E9A79BAF287E}.Debug|Any CPU.Build.0 = Debug|Any CPU
		{2505144E-0509-4415-B4F7-E9A79BAF287E}.Release|Any CPU.ActiveCfg = Release|Any CPU
		{2505144E-0509-4415-B4F7-E9A79BAF287E}.Release|Any CPU.Build.0 = Release|Any CPU
		{51984FC2-BB25-444B-9296-35CBE02A8F76}.Debug|Any CPU.ActiveCfg = Debug|Any CPU
		{51984FC2-BB25-444B-9296-35CBE02A8F76}.Debug|Any CPU.Build.0 = Debug|Any CPU
		{51984FC2-BB25-444B-9296-35CBE02A8F76}.Release|Any CPU.ActiveCfg = Release|Any CPU
		{51984FC2-BB25-444B-9296-35CBE02A8F76}.Release|Any CPU.Build.0 = Release|Any CPU
		{811E1D4A-EFE8-4E9A-9308-9D7D9A0906A9}.Debug|Any CPU.ActiveCfg = Debug|Any CPU
		{811E1D4A-EFE8-4E9A-9308-9D7D9A0906A9}.Debug|Any CPU.Build.0 = Debug|Any CPU
		{811E1D4A-EFE8-4E9A-9308-9D7D9A0906A9}.Release|Any CPU.ActiveCfg = Release|Any CPU
		{811E1D4A-EFE8-4E9A-9308-9D7D9A0906A9}.Release|Any CPU.Build.0 = Release|Any CPU
		{D67DBDB4-0CBF-4EED-8800-DE1C2DD30075}.Debug|Any CPU.ActiveCfg = Debug|Any CPU
		{D67DBDB4-0CBF-4EED-8800-DE1C2DD30075}.Debug|Any CPU.Build.0 = Debug|Any CPU
		{D67DBDB4-0CBF-4EED-8800-DE1C2DD30075}.Release|Any CPU.ActiveCfg = Release|Any CPU
		{D67DBDB4-0CBF-4EED-8800-DE1C2DD30075}.Release|Any CPU.Build.0 = Release|Any CPU
		{2B13057E-DA00-4390-8C76-3538D8F5D87C}.Debug|Any CPU.ActiveCfg = Debug|Any CPU
		{2B13057E-DA00-4390-8C76-3538D8F5D87C}.Debug|Any CPU.Build.0 = Debug|Any CPU
		{2B13057E-DA00-4390-8C76-3538D8F5D87C}.Release|Any CPU.ActiveCfg = Release|Any CPU
		{2B13057E-DA00-4390-8C76-3538D8F5D87C}.Release|Any CPU.Build.0 = Release|Any CPU
		{80852E4E-031F-4CC0-9DF8-3BD069423CC4}.Debug|Any CPU.ActiveCfg = Debug|Any CPU
		{80852E4E-031F-4CC0-9DF8-3BD069423CC4}.Debug|Any CPU.Build.0 = Debug|Any CPU
		{80852E4E-031F-4CC0-9DF8-3BD069423CC4}.Release|Any CPU.ActiveCfg = Release|Any CPU
		{80852E4E-031F-4CC0-9DF8-3BD069423CC4}.Release|Any CPU.Build.0 = Release|Any CPU
		{A4D73A1A-E53B-4A36-A258-3EDB2AC643F0}.Debug|Any CPU.ActiveCfg = Debug|Any CPU
		{A4D73A1A-E53B-4A36-A258-3EDB2AC643F0}.Debug|Any CPU.Build.0 = Debug|Any CPU
		{A4D73A1A-E53B-4A36-A258-3EDB2AC643F0}.Release|Any CPU.ActiveCfg = Release|Any CPU
		{A4D73A1A-E53B-4A36-A258-3EDB2AC643F0}.Release|Any CPU.Build.0 = Release|Any CPU
	EndGlobalSection
	GlobalSection(SolutionProperties) = preSolution
		HideSolutionNode = FALSE
	EndGlobalSection
	GlobalSection(NestedProjects) = preSolution
		{936C96C5-E5BB-4447-A356-8CBE082F5B00} = {C5508B3F-6097-4511-8882-7FD4882B1554}
		{BE7C7987-B622-442D-B594-BE69767579FF} = {153E2A26-6A56-4B40-BA2C-15F5F5A7A929}
		{3FE7C8E4-2B81-4A41-8D53-955297437852} = {153E2A26-6A56-4B40-BA2C-15F5F5A7A929}
		{0669B37D-A8CF-4BC1-BFD5-73B9BCE190FD} = {F79822E3-0D3A-4304-9B2E-AD3A4FF67E8A}
		{3A9E3D9D-72B0-4DA0-A9C4-E4E2B6DFDE2A} = {ABDA72D5-48B8-41C1-8C11-A8F546379678}
		{018472AB-9076-45A2-9712-143D5DB367C8} = {F79822E3-0D3A-4304-9B2E-AD3A4FF67E8A}
		{AA070188-81A9-4FF5-8272-68ECDD2F33C9} = {7C2C931B-A5D7-428A-85AD-A7F6223FAFEB}
		{68BD428E-5013-4537-A10C-ED498B689616} = {153E2A26-6A56-4B40-BA2C-15F5F5A7A929}
		{FB8BB7DE-75F0-4402-B8BE-84BB3F3CD850} = {153E2A26-6A56-4B40-BA2C-15F5F5A7A929}
		{2505144E-0509-4415-B4F7-E9A79BAF287E} = {153E2A26-6A56-4B40-BA2C-15F5F5A7A929}
		{51984FC2-BB25-444B-9296-35CBE02A8F76} = {ABDA72D5-48B8-41C1-8C11-A8F546379678}
		{811E1D4A-EFE8-4E9A-9308-9D7D9A0906A9} = {7C2C931B-A5D7-428A-85AD-A7F6223FAFEB}
		{153E2A26-6A56-4B40-BA2C-15F5F5A7A929} = {FF13257A-EE66-4BF4-A8BE-E6F18BC4F9F0}
		{ABDA72D5-48B8-41C1-8C11-A8F546379678} = {FF13257A-EE66-4BF4-A8BE-E6F18BC4F9F0}
		{F79822E3-0D3A-4304-9B2E-AD3A4FF67E8A} = {FF13257A-EE66-4BF4-A8BE-E6F18BC4F9F0}
		{D67DBDB4-0CBF-4EED-8800-DE1C2DD30075} = {82E02B78-276E-4BAB-8218-7E49603D38D4}
		{2B13057E-DA00-4390-8C76-3538D8F5D87C} = {82E02B78-276E-4BAB-8218-7E49603D38D4}
		{80852E4E-031F-4CC0-9DF8-3BD069423CC4} = {E3406975-3776-4F69-99B8-0FE205CF2FAB}
		{A4D73A1A-E53B-4A36-A258-3EDB2AC643F0} = {E3406975-3776-4F69-99B8-0FE205CF2FAB}
		{82E02B78-276E-4BAB-8218-7E49603D38D4} = {FF13257A-EE66-4BF4-A8BE-E6F18BC4F9F0}
	EndGlobalSection
	GlobalSection(ExtensibilityGlobals) = postSolution
		SolutionGuid = {C76E2FBE-7A4E-4D56-A510-221BE75F0373}
	EndGlobalSection
EndGlobal
