
Microsoft Visual Studio Solution File, Format Version 12.00
# Visual Studio Version 16
VisualStudioVersion = 16.0.29519.87
MinimumVisualStudioVersion = 10.0.40219.1
Project("{9A19103F-16F7-4668-BE54-9A1E7A4F7556}") = "Ddl.Parser", "src\Parser\Ddl.Parser\Ddl.Parser.csproj", "{3FE7C8E4-2B81-4A41-8D53-955297437852}"
EndProject
Project("{9A19103F-16F7-4668-BE54-9A1E7A4F7556}") = "Ddl.Parser.Tests", "tests\Ddl.Parser.Tests\Ddl.Parser.Tests.csproj", "{0669B37D-A8CF-4BC1-BFD5-73B9BCE190FD}"
EndProject
Project("{9A19103F-16F7-4668-BE54-9A1E7A4F7556}") = "Ddl.Lexer", "src\Parser\Ddl.Lexer\Ddl.Lexer.csproj", "{3A9E3D9D-72B0-4DA0-A9C4-E4E2B6DFDE2A}"
EndProject
Project("{9A19103F-16F7-4668-BE54-9A1E7A4F7556}") = "Ddl.Lexer.Tests", "tests\Ddl.Lexer.Tests\Ddl.Lexer.Tests.csproj", "{018472AB-9076-45A2-9712-143D5DB367C8}"
EndProject
Project("{9A19103F-16F7-4668-BE54-9A1E7A4F7556}") = "Ddl.Cli", "src\Cli\Ddl.Cli\Ddl.Cli.csproj", "{AA070188-81A9-4FF5-8272-68ECDD2F33C9}"
EndProject
Project("{9A19103F-16F7-4668-BE54-9A1E7A4F7556}") = "Ddl.Parser.Implementations", "src\Parser\Ddl.Parser.Implementations\Ddl.Parser.Implementations.csproj", "{68BD428E-5013-4537-A10C-ED498B689616}"
EndProject
Project("{9A19103F-16F7-4668-BE54-9A1E7A4F7556}") = "Ddl.Parser.Common", "src\Parser\Ddl.Parser.Common\Ddl.Parser.Common.csproj", "{FB8BB7DE-75F0-4402-B8BE-84BB3F3CD850}"
EndProject
Project("{9A19103F-16F7-4668-BE54-9A1E7A4F7556}") = "Ddl.Parser.Shared", "src\Parser\Ddl.Parser.Shared\Ddl.Parser.Shared.csproj", "{2505144E-0509-4415-B4F7-E9A79BAF287E}"
EndProject
Project("{9A19103F-16F7-4668-BE54-9A1E7A4F7556}") = "Ddl.Lexer.Shared", "src\Parser\Ddl.Lexer.Shared\Ddl.Lexer.Shared.csproj", "{51984FC2-BB25-444B-9296-35CBE02A8F76}"
EndProject
Project("{9A19103F-16F7-4668-BE54-9A1E7A4F7556}") = "Ddl.Cli.Abstractions", "src\Cli\Ddl.Cli.Abstractions\Ddl.Cli.Abstractions.csproj", "{811E1D4A-EFE8-4E9A-9308-9D7D9A0906A9}"
EndProject
Project("{2150E333-8FDC-42A3-9474-1A3956D46DE8}") = "Cli", "Cli", "{7C2C931B-A5D7-428A-85AD-A7F6223FAFEB}"
EndProject
Project("{2150E333-8FDC-42A3-9474-1A3956D46DE8}") = "Parser", "Parser", "{FF13257A-EE66-4BF4-A8BE-E6F18BC4F9F0}"
EndProject
Project("{2150E333-8FDC-42A3-9474-1A3956D46DE8}") = "Writers", "Writers", "{C5508B3F-6097-4511-8882-7FD4882B1554}"
EndProject
Project("{2150E333-8FDC-42A3-9474-1A3956D46DE8}") = "Parsers", "Parsers", "{153E2A26-6A56-4B40-BA2C-15F5F5A7A929}"
EndProject
Project("{2150E333-8FDC-42A3-9474-1A3956D46DE8}") = "Lexers", "Lexers", "{ABDA72D5-48B8-41C1-8C11-A8F546379678}"
EndProject
Project("{2150E333-8FDC-42A3-9474-1A3956D46DE8}") = "Tests", "Tests", "{F79822E3-0D3A-4304-9B2E-AD3A4FF67E8A}"
EndProject
Project("{9A19103F-16F7-4668-BE54-9A1E7A4F7556}") = "Ddl.Parser.Build", "src\Parser\Ddl.Parser.Build\Ddl.Parser.Build.csproj", "{D67DBDB4-0CBF-4EED-8800-DE1C2DD30075}"
EndProject
Project("{2150E333-8FDC-42A3-9474-1A3956D46DE8}") = "Common", "Common", "{E3406975-3776-4F69-99B8-0FE205CF2FAB}"
EndProject
Project("{9A19103F-16F7-4668-BE54-9A1E7A4F7556}") = "Ddl.Common", "src\Common\Ddl.Common\Ddl.Common.csproj", "{80852E4E-031F-4CC0-9DF8-3BD069423CC4}"
EndProject
Project("{9A19103F-16F7-4668-BE54-9A1E7A4F7556}") = "Ddl.Parser.Build.Implementations", "src\Parser\Ddl.Parser.Build.Implementations\Ddl.Parser.Build.Implementations.csproj", "{F3B20C3B-C5AD-4415-A277-2B7BE63E57CA}"
EndProject
Project("{9A19103F-16F7-4668-BE54-9A1E7A4F7556}") = "Ddl.Parser.Build.Shared", "src\Parser\Ddl.Parser.Build.Shared\Ddl.Parser.Build.Shared.csproj", "{02C2EAFD-AEC2-435B-8A7A-F5E09E2030F4}"
EndProject
Project("{9A19103F-16F7-4668-BE54-9A1E7A4F7556}") = "Ddl.Parser.Build.Common", "src\Parser\Ddl.Parser.Build.Common\Ddl.Parser.Build.Common.csproj", "{38FE9AC8-1A69-4FB2-944B-75044B57C5F7}"
EndProject
Project("{2150E333-8FDC-42A3-9474-1A3956D46DE8}") = "Samples", "Samples", "{6F146A4C-C085-4EB0-A34A-C869BB536C96}"
EndProject
Project("{9A19103F-16F7-4668-BE54-9A1E7A4F7556}") = "DdlModelCreation", "samples\DdlModelCreation\DdlModelCreation.csproj", "{C10B775E-F6A0-4FF8-94DE-98BE08D41186}"
EndProject
Project("{9A19103F-16F7-4668-BE54-9A1E7A4F7556}") = "Ddl.Writer", "src\Writers\Ddl.Writer\Ddl.Writer.csproj", "{1BA44716-C265-4972-87F9-F27B5F8F4D1F}"
EndProject
Project("{9A19103F-16F7-4668-BE54-9A1E7A4F7556}") = "Ddl.Writer.Shared", "src\Writers\Ddl.Writer.Shared\Ddl.Writer.Shared.csproj", "{306C904E-6A00-4733-B840-82937DC82A17}"
EndProject
Project("{2150E333-8FDC-42A3-9474-1A3956D46DE8}") = "Builders", "Builders", "{B2C7B74A-5225-4DBF-B495-9FB23C731FBE}"
EndProject
Project("{9A19103F-16F7-4668-BE54-9A1E7A4F7556}") = "DdlParser", "samples\DdlParser\DdlParser.csproj", "{311610A7-3FAC-4391-931C-AFCFC2C5989D}"
EndProject
Project("{2150E333-8FDC-42A3-9474-1A3956D46DE8}") = "TypeIndexers", "TypeIndexers", "{E5AFBA25-2428-478C-95A6-3AFF5F1D1E2D}"
EndProject
Project("{9A19103F-16F7-4668-BE54-9A1E7A4F7556}") = "Ddl.Parser.TypeIndexer", "src\Parser\Ddl.Parser.TypeIndexer\Ddl.Parser.TypeIndexer.csproj", "{51BF4455-66FF-4D8B-9683-947C9F44C782}"
EndProject
Project("{9A19103F-16F7-4668-BE54-9A1E7A4F7556}") = "Ddl.Parser.TypeIndexer.Shared", "src\Parser\Ddl.Parser.TypeIndexer.Shared\Ddl.Parser.TypeIndexer.Shared.csproj", "{26D1EC30-76D9-4726-98E8-9113A1A8E9A3}"
EndProject
Project("{9A19103F-16F7-4668-BE54-9A1E7A4F7556}") = "Ddl.Parser.TypeIndexer.Implementations", "src\Parser\Ddl.Parser.TypeIndexer.Implementations\Ddl.Parser.TypeIndexer.Implementations.csproj", "{F962737F-CBC3-4067-AE26-410BEE2F52BA}"
EndProject
Project("{2150E333-8FDC-42A3-9474-1A3956D46DE8}") = "Packager", "Packager", "{EE526F72-0300-4A9D-B6AE-D783BDCCD708}"
EndProject
Project("{9A19103F-16F7-4668-BE54-9A1E7A4F7556}") = "Ddl.Parser.Packager", "src\Parser\Ddl.Parser.Packager\Ddl.Parser.Packager.csproj", "{0FDAC0A7-44F6-4672-AA05-19C740D50D04}"
EndProject
Project("{9A19103F-16F7-4668-BE54-9A1E7A4F7556}") = "Ddl.Parser.Packager.Shared", "src\Parser\Ddl.Parser.Packager.Shared\Ddl.Parser.Packager.Shared.csproj", "{92D0B635-91DD-4DFB-B8A5-C59207884613}"
EndProject
Project("{9A19103F-16F7-4668-BE54-9A1E7A4F7556}") = "Ddl.Writer.Implementations", "src\Writers\Ddl.Writer.Implementations\Ddl.Writer.Implementations.csproj", "{14884093-DECB-4EEB-B80C-F271864D14D6}"
EndProject
Project("{9A19103F-16F7-4668-BE54-9A1E7A4F7556}") = "Ddl.Writer.Parser.Ast", "src\Writers\Ddl.Writer.Parser.Ast\Ddl.Writer.Parser.Ast.csproj", "{FF19A8B3-5DB1-4848-A02B-8AFC3257445D}"
EndProject
Project("{9A19103F-16F7-4668-BE54-9A1E7A4F7556}") = "Ddl.Writer.Lexer", "src\Writers\Ddl.Writer.Lexer\Ddl.Writer.Lexer.csproj", "{28EE7BA7-8474-4F6B-BBF0-1577DA3ED870}"
EndProject
Project("{9A19103F-16F7-4668-BE54-9A1E7A4F7556}") = "Ddl.Writer.Output", "src\Writers\Ddl.Writer.Output\Ddl.Writer.Output.csproj", "{15A999EC-C224-47BC-865E-58088D870F11}"
EndProject
Project("{9A19103F-16F7-4668-BE54-9A1E7A4F7556}") = "Ddl.Writer.Common", "src\Writers\Ddl.Writer.Common\Ddl.Writer.Common.csproj", "{32633342-AA10-4B97-9782-BFE85D77E577}"
EndProject
Project("{2150E333-8FDC-42A3-9474-1A3956D46DE8}") = "Models", "Models", "{0495913C-72B1-4968-8AA1-456C902B31B7}"
EndProject
Project("{9A19103F-16F7-4668-BE54-9A1E7A4F7556}") = "Ddl.Models.Ast", "src\Models\Ddl.Models.Ast\Ddl.Models.Ast.csproj", "{5B98BE7F-B999-43C1-81BC-A9A1C47EAF09}"
EndProject
Project("{9A19103F-16F7-4668-BE54-9A1E7A4F7556}") = "Ddl.Models.Build", "src\Models\Ddl.Models.Build\Ddl.Models.Build.csproj", "{CA92C773-4C80-4487-BC7F-7D5B3CCB9A0F}"
EndProject
Project("{9A19103F-16F7-4668-BE54-9A1E7A4F7556}") = "Ddl.Models.Compiled", "src\Models\Ddl.Models.Compiled\Ddl.Models.Compiled.csproj", "{F6C53C6C-95A0-4267-9E45-A2E6B9FA0BCB}"
EndProject
Project("{9A19103F-16F7-4668-BE54-9A1E7A4F7556}") = "Ddl.Models.Common", "src\Models\Ddl.Models.Common\Ddl.Models.Common.csproj", "{87354951-8485-4F36-A896-B30F251E1DC1}"
EndProject
Project("{9A19103F-16F7-4668-BE54-9A1E7A4F7556}") = "Ddl.Models.Shared", "src\Models\Ddl.Models.Shared\Ddl.Models.Shared.csproj", "{68681433-3DEC-4971-8066-CCCCFCCCD30D}"
EndProject
Project("{2150E333-8FDC-42A3-9474-1A3956D46DE8}") = "Compilers", "Compilers", "{9D4C7E48-F974-458B-978A-E00D04F8BE7C}"
EndProject
Project("{9A19103F-16F7-4668-BE54-9A1E7A4F7556}") = "Ddl.Parser.Compiler", "src\Parser\Ddl.Parser.Compiler\Ddl.Parser.Compiler.csproj", "{469BDE12-CE75-4979-99DF-5D939370F759}"
EndProject
Project("{9A19103F-16F7-4668-BE54-9A1E7A4F7556}") = "Ddl.Parser.Compiler.Common", "src\Parser\Ddl.Parser.Compiler.Common\Ddl.Parser.Compiler.Common.csproj", "{20D82E2B-1FFD-41DB-B9F1-50B468815935}"
EndProject
Project("{9A19103F-16F7-4668-BE54-9A1E7A4F7556}") = "Ddl.Parser.Compiler.Implementations", "src\Parser\Ddl.Parser.Compiler.Implementations\Ddl.Parser.Compiler.Implementations.csproj", "{72DAEAFF-7900-4CAC-83F1-F937A6BF384D}"
EndProject
Project("{9A19103F-16F7-4668-BE54-9A1E7A4F7556}") = "Ddl.Parser.Compiler.Shared", "src\Parser\Ddl.Parser.Compiler.Shared\Ddl.Parser.Compiler.Shared.csproj", "{C5D23ACE-0D18-49A0-A3DD-3DD1924DB522}"
EndProject
Project("{9A19103F-16F7-4668-BE54-9A1E7A4F7556}") = "Ddl.Models.Build.Common", "src\Models\Ddl.Models.Build.Common\Ddl.Models.Build.Common.csproj", "{39141788-3E41-4F1C-AC49-BAE856616C1E}"
EndProject
Project("{9A19103F-16F7-4668-BE54-9A1E7A4F7556}") = "Ddl.Models.Compiled.Common", "src\Models\Ddl.Models.Compiled.Common\Ddl.Models.Compiled.Common.csproj", "{E41BF57C-12A8-40B4-A853-9D8820019921}"
EndProject
Project("{9A19103F-16F7-4668-BE54-9A1E7A4F7556}") = "Ddl.Configuration", "src\Common\Ddl.Configuration\Ddl.Configuration.csproj", "{6A5E3352-161C-4E26-BD56-2D4264BABAB5}"
EndProject
Project("{9A19103F-16F7-4668-BE54-9A1E7A4F7556}") = "Ddl.Services", "src\Common\Ddl.Services\Ddl.Services.csproj", "{02904170-8A43-4F8F-9367-6C455FDACEF2}"
EndProject
Project("{9A19103F-16F7-4668-BE54-9A1E7A4F7556}") = "Ddl", "src\Common\Ddl\Ddl.csproj", "{C59B0817-DC22-420B-882F-6E5A343B9A2E}"
EndProject
Project("{FAE04EC0-301F-11D3-BF4B-00C04F79EFBC}") = "Ddl.SampleApplication.Shared", "samples\Ddl.SampleApplication.Shared\Ddl.SampleApplication.Shared.csproj", "{BCB89C67-E683-4D9A-A46C-667E720E0652}"
EndProject
Global
	GlobalSection(SolutionConfigurationPlatforms) = preSolution
		Debug|Any CPU = Debug|Any CPU
		Release|Any CPU = Release|Any CPU
	EndGlobalSection
	GlobalSection(ProjectConfigurationPlatforms) = postSolution
		{3FE7C8E4-2B81-4A41-8D53-955297437852}.Debug|Any CPU.ActiveCfg = Debug|Any CPU
		{3FE7C8E4-2B81-4A41-8D53-955297437852}.Debug|Any CPU.Build.0 = Debug|Any CPU
		{3FE7C8E4-2B81-4A41-8D53-955297437852}.Release|Any CPU.ActiveCfg = Release|Any CPU
		{3FE7C8E4-2B81-4A41-8D53-955297437852}.Release|Any CPU.Build.0 = Release|Any CPU
		{0669B37D-A8CF-4BC1-BFD5-73B9BCE190FD}.Debug|Any CPU.ActiveCfg = Debug|Any CPU
		{0669B37D-A8CF-4BC1-BFD5-73B9BCE190FD}.Debug|Any CPU.Build.0 = Debug|Any CPU
		{0669B37D-A8CF-4BC1-BFD5-73B9BCE190FD}.Release|Any CPU.ActiveCfg = Release|Any CPU
		{0669B37D-A8CF-4BC1-BFD5-73B9BCE190FD}.Release|Any CPU.Build.0 = Release|Any CPU
		{3A9E3D9D-72B0-4DA0-A9C4-E4E2B6DFDE2A}.Debug|Any CPU.ActiveCfg = Debug|Any CPU
		{3A9E3D9D-72B0-4DA0-A9C4-E4E2B6DFDE2A}.Debug|Any CPU.Build.0 = Debug|Any CPU
		{3A9E3D9D-72B0-4DA0-A9C4-E4E2B6DFDE2A}.Release|Any CPU.ActiveCfg = Release|Any CPU
		{3A9E3D9D-72B0-4DA0-A9C4-E4E2B6DFDE2A}.Release|Any CPU.Build.0 = Release|Any CPU
		{018472AB-9076-45A2-9712-143D5DB367C8}.Debug|Any CPU.ActiveCfg = Debug|Any CPU
		{018472AB-9076-45A2-9712-143D5DB367C8}.Debug|Any CPU.Build.0 = Debug|Any CPU
		{018472AB-9076-45A2-9712-143D5DB367C8}.Release|Any CPU.ActiveCfg = Release|Any CPU
		{018472AB-9076-45A2-9712-143D5DB367C8}.Release|Any CPU.Build.0 = Release|Any CPU
		{AA070188-81A9-4FF5-8272-68ECDD2F33C9}.Debug|Any CPU.ActiveCfg = Debug|Any CPU
		{AA070188-81A9-4FF5-8272-68ECDD2F33C9}.Debug|Any CPU.Build.0 = Debug|Any CPU
		{AA070188-81A9-4FF5-8272-68ECDD2F33C9}.Release|Any CPU.ActiveCfg = Release|Any CPU
		{AA070188-81A9-4FF5-8272-68ECDD2F33C9}.Release|Any CPU.Build.0 = Release|Any CPU
		{68BD428E-5013-4537-A10C-ED498B689616}.Debug|Any CPU.ActiveCfg = Debug|Any CPU
		{68BD428E-5013-4537-A10C-ED498B689616}.Debug|Any CPU.Build.0 = Debug|Any CPU
		{68BD428E-5013-4537-A10C-ED498B689616}.Release|Any CPU.ActiveCfg = Release|Any CPU
		{68BD428E-5013-4537-A10C-ED498B689616}.Release|Any CPU.Build.0 = Release|Any CPU
		{FB8BB7DE-75F0-4402-B8BE-84BB3F3CD850}.Debug|Any CPU.ActiveCfg = Debug|Any CPU
		{FB8BB7DE-75F0-4402-B8BE-84BB3F3CD850}.Debug|Any CPU.Build.0 = Debug|Any CPU
		{FB8BB7DE-75F0-4402-B8BE-84BB3F3CD850}.Release|Any CPU.ActiveCfg = Release|Any CPU
		{FB8BB7DE-75F0-4402-B8BE-84BB3F3CD850}.Release|Any CPU.Build.0 = Release|Any CPU
		{2505144E-0509-4415-B4F7-E9A79BAF287E}.Debug|Any CPU.ActiveCfg = Debug|Any CPU
		{2505144E-0509-4415-B4F7-E9A79BAF287E}.Debug|Any CPU.Build.0 = Debug|Any CPU
		{2505144E-0509-4415-B4F7-E9A79BAF287E}.Release|Any CPU.ActiveCfg = Release|Any CPU
		{2505144E-0509-4415-B4F7-E9A79BAF287E}.Release|Any CPU.Build.0 = Release|Any CPU
		{51984FC2-BB25-444B-9296-35CBE02A8F76}.Debug|Any CPU.ActiveCfg = Debug|Any CPU
		{51984FC2-BB25-444B-9296-35CBE02A8F76}.Debug|Any CPU.Build.0 = Debug|Any CPU
		{51984FC2-BB25-444B-9296-35CBE02A8F76}.Release|Any CPU.ActiveCfg = Release|Any CPU
		{51984FC2-BB25-444B-9296-35CBE02A8F76}.Release|Any CPU.Build.0 = Release|Any CPU
		{811E1D4A-EFE8-4E9A-9308-9D7D9A0906A9}.Debug|Any CPU.ActiveCfg = Debug|Any CPU
		{811E1D4A-EFE8-4E9A-9308-9D7D9A0906A9}.Debug|Any CPU.Build.0 = Debug|Any CPU
		{811E1D4A-EFE8-4E9A-9308-9D7D9A0906A9}.Release|Any CPU.ActiveCfg = Release|Any CPU
		{811E1D4A-EFE8-4E9A-9308-9D7D9A0906A9}.Release|Any CPU.Build.0 = Release|Any CPU
		{D67DBDB4-0CBF-4EED-8800-DE1C2DD30075}.Debug|Any CPU.ActiveCfg = Debug|Any CPU
		{D67DBDB4-0CBF-4EED-8800-DE1C2DD30075}.Debug|Any CPU.Build.0 = Debug|Any CPU
		{D67DBDB4-0CBF-4EED-8800-DE1C2DD30075}.Release|Any CPU.ActiveCfg = Release|Any CPU
		{D67DBDB4-0CBF-4EED-8800-DE1C2DD30075}.Release|Any CPU.Build.0 = Release|Any CPU
		{80852E4E-031F-4CC0-9DF8-3BD069423CC4}.Debug|Any CPU.ActiveCfg = Debug|Any CPU
		{80852E4E-031F-4CC0-9DF8-3BD069423CC4}.Debug|Any CPU.Build.0 = Debug|Any CPU
		{80852E4E-031F-4CC0-9DF8-3BD069423CC4}.Release|Any CPU.ActiveCfg = Release|Any CPU
		{80852E4E-031F-4CC0-9DF8-3BD069423CC4}.Release|Any CPU.Build.0 = Release|Any CPU
		{F3B20C3B-C5AD-4415-A277-2B7BE63E57CA}.Debug|Any CPU.ActiveCfg = Debug|Any CPU
		{F3B20C3B-C5AD-4415-A277-2B7BE63E57CA}.Debug|Any CPU.Build.0 = Debug|Any CPU
		{F3B20C3B-C5AD-4415-A277-2B7BE63E57CA}.Release|Any CPU.ActiveCfg = Release|Any CPU
		{F3B20C3B-C5AD-4415-A277-2B7BE63E57CA}.Release|Any CPU.Build.0 = Release|Any CPU
		{02C2EAFD-AEC2-435B-8A7A-F5E09E2030F4}.Debug|Any CPU.ActiveCfg = Debug|Any CPU
		{02C2EAFD-AEC2-435B-8A7A-F5E09E2030F4}.Debug|Any CPU.Build.0 = Debug|Any CPU
		{02C2EAFD-AEC2-435B-8A7A-F5E09E2030F4}.Release|Any CPU.ActiveCfg = Release|Any CPU
		{02C2EAFD-AEC2-435B-8A7A-F5E09E2030F4}.Release|Any CPU.Build.0 = Release|Any CPU
		{38FE9AC8-1A69-4FB2-944B-75044B57C5F7}.Debug|Any CPU.ActiveCfg = Debug|Any CPU
		{38FE9AC8-1A69-4FB2-944B-75044B57C5F7}.Debug|Any CPU.Build.0 = Debug|Any CPU
		{38FE9AC8-1A69-4FB2-944B-75044B57C5F7}.Release|Any CPU.ActiveCfg = Release|Any CPU
		{38FE9AC8-1A69-4FB2-944B-75044B57C5F7}.Release|Any CPU.Build.0 = Release|Any CPU
		{C10B775E-F6A0-4FF8-94DE-98BE08D41186}.Debug|Any CPU.ActiveCfg = Debug|Any CPU
		{C10B775E-F6A0-4FF8-94DE-98BE08D41186}.Debug|Any CPU.Build.0 = Debug|Any CPU
		{C10B775E-F6A0-4FF8-94DE-98BE08D41186}.Release|Any CPU.ActiveCfg = Release|Any CPU
		{C10B775E-F6A0-4FF8-94DE-98BE08D41186}.Release|Any CPU.Build.0 = Release|Any CPU
		{1BA44716-C265-4972-87F9-F27B5F8F4D1F}.Debug|Any CPU.ActiveCfg = Debug|Any CPU
		{1BA44716-C265-4972-87F9-F27B5F8F4D1F}.Debug|Any CPU.Build.0 = Debug|Any CPU
		{1BA44716-C265-4972-87F9-F27B5F8F4D1F}.Release|Any CPU.ActiveCfg = Release|Any CPU
		{1BA44716-C265-4972-87F9-F27B5F8F4D1F}.Release|Any CPU.Build.0 = Release|Any CPU
		{306C904E-6A00-4733-B840-82937DC82A17}.Debug|Any CPU.ActiveCfg = Debug|Any CPU
		{306C904E-6A00-4733-B840-82937DC82A17}.Debug|Any CPU.Build.0 = Debug|Any CPU
		{306C904E-6A00-4733-B840-82937DC82A17}.Release|Any CPU.ActiveCfg = Release|Any CPU
		{306C904E-6A00-4733-B840-82937DC82A17}.Release|Any CPU.Build.0 = Release|Any CPU
		{311610A7-3FAC-4391-931C-AFCFC2C5989D}.Debug|Any CPU.ActiveCfg = Debug|Any CPU
		{311610A7-3FAC-4391-931C-AFCFC2C5989D}.Debug|Any CPU.Build.0 = Debug|Any CPU
		{311610A7-3FAC-4391-931C-AFCFC2C5989D}.Release|Any CPU.ActiveCfg = Release|Any CPU
		{311610A7-3FAC-4391-931C-AFCFC2C5989D}.Release|Any CPU.Build.0 = Release|Any CPU
		{51BF4455-66FF-4D8B-9683-947C9F44C782}.Debug|Any CPU.ActiveCfg = Debug|Any CPU
		{51BF4455-66FF-4D8B-9683-947C9F44C782}.Debug|Any CPU.Build.0 = Debug|Any CPU
		{51BF4455-66FF-4D8B-9683-947C9F44C782}.Release|Any CPU.ActiveCfg = Release|Any CPU
		{51BF4455-66FF-4D8B-9683-947C9F44C782}.Release|Any CPU.Build.0 = Release|Any CPU
		{26D1EC30-76D9-4726-98E8-9113A1A8E9A3}.Debug|Any CPU.ActiveCfg = Debug|Any CPU
		{26D1EC30-76D9-4726-98E8-9113A1A8E9A3}.Debug|Any CPU.Build.0 = Debug|Any CPU
		{26D1EC30-76D9-4726-98E8-9113A1A8E9A3}.Release|Any CPU.ActiveCfg = Release|Any CPU
		{26D1EC30-76D9-4726-98E8-9113A1A8E9A3}.Release|Any CPU.Build.0 = Release|Any CPU
		{F962737F-CBC3-4067-AE26-410BEE2F52BA}.Debug|Any CPU.ActiveCfg = Debug|Any CPU
		{F962737F-CBC3-4067-AE26-410BEE2F52BA}.Debug|Any CPU.Build.0 = Debug|Any CPU
		{F962737F-CBC3-4067-AE26-410BEE2F52BA}.Release|Any CPU.ActiveCfg = Release|Any CPU
		{F962737F-CBC3-4067-AE26-410BEE2F52BA}.Release|Any CPU.Build.0 = Release|Any CPU
		{0FDAC0A7-44F6-4672-AA05-19C740D50D04}.Debug|Any CPU.ActiveCfg = Debug|Any CPU
		{0FDAC0A7-44F6-4672-AA05-19C740D50D04}.Debug|Any CPU.Build.0 = Debug|Any CPU
		{0FDAC0A7-44F6-4672-AA05-19C740D50D04}.Release|Any CPU.ActiveCfg = Release|Any CPU
		{0FDAC0A7-44F6-4672-AA05-19C740D50D04}.Release|Any CPU.Build.0 = Release|Any CPU
		{92D0B635-91DD-4DFB-B8A5-C59207884613}.Debug|Any CPU.ActiveCfg = Debug|Any CPU
		{92D0B635-91DD-4DFB-B8A5-C59207884613}.Debug|Any CPU.Build.0 = Debug|Any CPU
		{92D0B635-91DD-4DFB-B8A5-C59207884613}.Release|Any CPU.ActiveCfg = Release|Any CPU
		{92D0B635-91DD-4DFB-B8A5-C59207884613}.Release|Any CPU.Build.0 = Release|Any CPU
		{14884093-DECB-4EEB-B80C-F271864D14D6}.Debug|Any CPU.ActiveCfg = Debug|Any CPU
		{14884093-DECB-4EEB-B80C-F271864D14D6}.Debug|Any CPU.Build.0 = Debug|Any CPU
		{14884093-DECB-4EEB-B80C-F271864D14D6}.Release|Any CPU.ActiveCfg = Release|Any CPU
		{14884093-DECB-4EEB-B80C-F271864D14D6}.Release|Any CPU.Build.0 = Release|Any CPU
		{FF19A8B3-5DB1-4848-A02B-8AFC3257445D}.Debug|Any CPU.ActiveCfg = Debug|Any CPU
		{FF19A8B3-5DB1-4848-A02B-8AFC3257445D}.Debug|Any CPU.Build.0 = Debug|Any CPU
		{FF19A8B3-5DB1-4848-A02B-8AFC3257445D}.Release|Any CPU.ActiveCfg = Release|Any CPU
		{FF19A8B3-5DB1-4848-A02B-8AFC3257445D}.Release|Any CPU.Build.0 = Release|Any CPU
		{28EE7BA7-8474-4F6B-BBF0-1577DA3ED870}.Debug|Any CPU.ActiveCfg = Debug|Any CPU
		{28EE7BA7-8474-4F6B-BBF0-1577DA3ED870}.Debug|Any CPU.Build.0 = Debug|Any CPU
		{28EE7BA7-8474-4F6B-BBF0-1577DA3ED870}.Release|Any CPU.ActiveCfg = Release|Any CPU
		{28EE7BA7-8474-4F6B-BBF0-1577DA3ED870}.Release|Any CPU.Build.0 = Release|Any CPU
		{15A999EC-C224-47BC-865E-58088D870F11}.Debug|Any CPU.ActiveCfg = Debug|Any CPU
		{15A999EC-C224-47BC-865E-58088D870F11}.Debug|Any CPU.Build.0 = Debug|Any CPU
		{15A999EC-C224-47BC-865E-58088D870F11}.Release|Any CPU.ActiveCfg = Release|Any CPU
		{15A999EC-C224-47BC-865E-58088D870F11}.Release|Any CPU.Build.0 = Release|Any CPU
		{32633342-AA10-4B97-9782-BFE85D77E577}.Debug|Any CPU.ActiveCfg = Debug|Any CPU
		{32633342-AA10-4B97-9782-BFE85D77E577}.Debug|Any CPU.Build.0 = Debug|Any CPU
		{32633342-AA10-4B97-9782-BFE85D77E577}.Release|Any CPU.ActiveCfg = Release|Any CPU
		{32633342-AA10-4B97-9782-BFE85D77E577}.Release|Any CPU.Build.0 = Release|Any CPU
		{5B98BE7F-B999-43C1-81BC-A9A1C47EAF09}.Debug|Any CPU.ActiveCfg = Debug|Any CPU
		{5B98BE7F-B999-43C1-81BC-A9A1C47EAF09}.Debug|Any CPU.Build.0 = Debug|Any CPU
		{5B98BE7F-B999-43C1-81BC-A9A1C47EAF09}.Release|Any CPU.ActiveCfg = Release|Any CPU
		{5B98BE7F-B999-43C1-81BC-A9A1C47EAF09}.Release|Any CPU.Build.0 = Release|Any CPU
		{CA92C773-4C80-4487-BC7F-7D5B3CCB9A0F}.Debug|Any CPU.ActiveCfg = Debug|Any CPU
		{CA92C773-4C80-4487-BC7F-7D5B3CCB9A0F}.Debug|Any CPU.Build.0 = Debug|Any CPU
		{CA92C773-4C80-4487-BC7F-7D5B3CCB9A0F}.Release|Any CPU.ActiveCfg = Release|Any CPU
		{CA92C773-4C80-4487-BC7F-7D5B3CCB9A0F}.Release|Any CPU.Build.0 = Release|Any CPU
		{F6C53C6C-95A0-4267-9E45-A2E6B9FA0BCB}.Debug|Any CPU.ActiveCfg = Debug|Any CPU
		{F6C53C6C-95A0-4267-9E45-A2E6B9FA0BCB}.Debug|Any CPU.Build.0 = Debug|Any CPU
		{F6C53C6C-95A0-4267-9E45-A2E6B9FA0BCB}.Release|Any CPU.ActiveCfg = Release|Any CPU
		{F6C53C6C-95A0-4267-9E45-A2E6B9FA0BCB}.Release|Any CPU.Build.0 = Release|Any CPU
		{87354951-8485-4F36-A896-B30F251E1DC1}.Debug|Any CPU.ActiveCfg = Debug|Any CPU
		{87354951-8485-4F36-A896-B30F251E1DC1}.Debug|Any CPU.Build.0 = Debug|Any CPU
		{87354951-8485-4F36-A896-B30F251E1DC1}.Release|Any CPU.ActiveCfg = Release|Any CPU
		{87354951-8485-4F36-A896-B30F251E1DC1}.Release|Any CPU.Build.0 = Release|Any CPU
		{68681433-3DEC-4971-8066-CCCCFCCCD30D}.Debug|Any CPU.ActiveCfg = Debug|Any CPU
		{68681433-3DEC-4971-8066-CCCCFCCCD30D}.Debug|Any CPU.Build.0 = Debug|Any CPU
		{68681433-3DEC-4971-8066-CCCCFCCCD30D}.Release|Any CPU.ActiveCfg = Release|Any CPU
		{68681433-3DEC-4971-8066-CCCCFCCCD30D}.Release|Any CPU.Build.0 = Release|Any CPU
		{469BDE12-CE75-4979-99DF-5D939370F759}.Debug|Any CPU.ActiveCfg = Debug|Any CPU
		{469BDE12-CE75-4979-99DF-5D939370F759}.Debug|Any CPU.Build.0 = Debug|Any CPU
		{469BDE12-CE75-4979-99DF-5D939370F759}.Release|Any CPU.ActiveCfg = Release|Any CPU
		{469BDE12-CE75-4979-99DF-5D939370F759}.Release|Any CPU.Build.0 = Release|Any CPU
		{20D82E2B-1FFD-41DB-B9F1-50B468815935}.Debug|Any CPU.ActiveCfg = Debug|Any CPU
		{20D82E2B-1FFD-41DB-B9F1-50B468815935}.Debug|Any CPU.Build.0 = Debug|Any CPU
		{20D82E2B-1FFD-41DB-B9F1-50B468815935}.Release|Any CPU.ActiveCfg = Release|Any CPU
		{20D82E2B-1FFD-41DB-B9F1-50B468815935}.Release|Any CPU.Build.0 = Release|Any CPU
		{72DAEAFF-7900-4CAC-83F1-F937A6BF384D}.Debug|Any CPU.ActiveCfg = Debug|Any CPU
		{72DAEAFF-7900-4CAC-83F1-F937A6BF384D}.Debug|Any CPU.Build.0 = Debug|Any CPU
		{72DAEAFF-7900-4CAC-83F1-F937A6BF384D}.Release|Any CPU.ActiveCfg = Release|Any CPU
		{72DAEAFF-7900-4CAC-83F1-F937A6BF384D}.Release|Any CPU.Build.0 = Release|Any CPU
		{C5D23ACE-0D18-49A0-A3DD-3DD1924DB522}.Debug|Any CPU.ActiveCfg = Debug|Any CPU
		{C5D23ACE-0D18-49A0-A3DD-3DD1924DB522}.Debug|Any CPU.Build.0 = Debug|Any CPU
		{C5D23ACE-0D18-49A0-A3DD-3DD1924DB522}.Release|Any CPU.ActiveCfg = Release|Any CPU
		{C5D23ACE-0D18-49A0-A3DD-3DD1924DB522}.Release|Any CPU.Build.0 = Release|Any CPU
		{39141788-3E41-4F1C-AC49-BAE856616C1E}.Debug|Any CPU.ActiveCfg = Debug|Any CPU
		{39141788-3E41-4F1C-AC49-BAE856616C1E}.Debug|Any CPU.Build.0 = Debug|Any CPU
		{39141788-3E41-4F1C-AC49-BAE856616C1E}.Release|Any CPU.ActiveCfg = Release|Any CPU
		{39141788-3E41-4F1C-AC49-BAE856616C1E}.Release|Any CPU.Build.0 = Release|Any CPU
		{E41BF57C-12A8-40B4-A853-9D8820019921}.Debug|Any CPU.ActiveCfg = Debug|Any CPU
		{E41BF57C-12A8-40B4-A853-9D8820019921}.Debug|Any CPU.Build.0 = Debug|Any CPU
		{E41BF57C-12A8-40B4-A853-9D8820019921}.Release|Any CPU.ActiveCfg = Release|Any CPU
		{E41BF57C-12A8-40B4-A853-9D8820019921}.Release|Any CPU.Build.0 = Release|Any CPU
		{6A5E3352-161C-4E26-BD56-2D4264BABAB5}.Debug|Any CPU.ActiveCfg = Debug|Any CPU
		{6A5E3352-161C-4E26-BD56-2D4264BABAB5}.Debug|Any CPU.Build.0 = Debug|Any CPU
		{6A5E3352-161C-4E26-BD56-2D4264BABAB5}.Release|Any CPU.ActiveCfg = Release|Any CPU
		{6A5E3352-161C-4E26-BD56-2D4264BABAB5}.Release|Any CPU.Build.0 = Release|Any CPU
		{02904170-8A43-4F8F-9367-6C455FDACEF2}.Debug|Any CPU.ActiveCfg = Debug|Any CPU
		{02904170-8A43-4F8F-9367-6C455FDACEF2}.Debug|Any CPU.Build.0 = Debug|Any CPU
		{02904170-8A43-4F8F-9367-6C455FDACEF2}.Release|Any CPU.ActiveCfg = Release|Any CPU
		{02904170-8A43-4F8F-9367-6C455FDACEF2}.Release|Any CPU.Build.0 = Release|Any CPU
		{C59B0817-DC22-420B-882F-6E5A343B9A2E}.Debug|Any CPU.ActiveCfg = Debug|Any CPU
		{C59B0817-DC22-420B-882F-6E5A343B9A2E}.Debug|Any CPU.Build.0 = Debug|Any CPU
		{C59B0817-DC22-420B-882F-6E5A343B9A2E}.Release|Any CPU.ActiveCfg = Release|Any CPU
		{C59B0817-DC22-420B-882F-6E5A343B9A2E}.Release|Any CPU.Build.0 = Release|Any CPU
		{BCB89C67-E683-4D9A-A46C-667E720E0652}.Debug|Any CPU.ActiveCfg = Debug|Any CPU
		{BCB89C67-E683-4D9A-A46C-667E720E0652}.Debug|Any CPU.Build.0 = Debug|Any CPU
		{BCB89C67-E683-4D9A-A46C-667E720E0652}.Release|Any CPU.ActiveCfg = Release|Any CPU
		{BCB89C67-E683-4D9A-A46C-667E720E0652}.Release|Any CPU.Build.0 = Release|Any CPU
	EndGlobalSection
	GlobalSection(SolutionProperties) = preSolution
		HideSolutionNode = FALSE
	EndGlobalSection
	GlobalSection(NestedProjects) = preSolution
		{3FE7C8E4-2B81-4A41-8D53-955297437852} = {153E2A26-6A56-4B40-BA2C-15F5F5A7A929}
		{0669B37D-A8CF-4BC1-BFD5-73B9BCE190FD} = {F79822E3-0D3A-4304-9B2E-AD3A4FF67E8A}
		{3A9E3D9D-72B0-4DA0-A9C4-E4E2B6DFDE2A} = {ABDA72D5-48B8-41C1-8C11-A8F546379678}
		{018472AB-9076-45A2-9712-143D5DB367C8} = {F79822E3-0D3A-4304-9B2E-AD3A4FF67E8A}
		{AA070188-81A9-4FF5-8272-68ECDD2F33C9} = {7C2C931B-A5D7-428A-85AD-A7F6223FAFEB}
		{68BD428E-5013-4537-A10C-ED498B689616} = {153E2A26-6A56-4B40-BA2C-15F5F5A7A929}
		{FB8BB7DE-75F0-4402-B8BE-84BB3F3CD850} = {153E2A26-6A56-4B40-BA2C-15F5F5A7A929}
		{2505144E-0509-4415-B4F7-E9A79BAF287E} = {153E2A26-6A56-4B40-BA2C-15F5F5A7A929}
		{51984FC2-BB25-444B-9296-35CBE02A8F76} = {ABDA72D5-48B8-41C1-8C11-A8F546379678}
		{811E1D4A-EFE8-4E9A-9308-9D7D9A0906A9} = {7C2C931B-A5D7-428A-85AD-A7F6223FAFEB}
		{153E2A26-6A56-4B40-BA2C-15F5F5A7A929} = {FF13257A-EE66-4BF4-A8BE-E6F18BC4F9F0}
		{ABDA72D5-48B8-41C1-8C11-A8F546379678} = {FF13257A-EE66-4BF4-A8BE-E6F18BC4F9F0}
		{F79822E3-0D3A-4304-9B2E-AD3A4FF67E8A} = {FF13257A-EE66-4BF4-A8BE-E6F18BC4F9F0}
		{D67DBDB4-0CBF-4EED-8800-DE1C2DD30075} = {B2C7B74A-5225-4DBF-B495-9FB23C731FBE}
		{80852E4E-031F-4CC0-9DF8-3BD069423CC4} = {E3406975-3776-4F69-99B8-0FE205CF2FAB}
		{F3B20C3B-C5AD-4415-A277-2B7BE63E57CA} = {B2C7B74A-5225-4DBF-B495-9FB23C731FBE}
		{02C2EAFD-AEC2-435B-8A7A-F5E09E2030F4} = {B2C7B74A-5225-4DBF-B495-9FB23C731FBE}
		{38FE9AC8-1A69-4FB2-944B-75044B57C5F7} = {B2C7B74A-5225-4DBF-B495-9FB23C731FBE}
		{C10B775E-F6A0-4FF8-94DE-98BE08D41186} = {6F146A4C-C085-4EB0-A34A-C869BB536C96}
		{1BA44716-C265-4972-87F9-F27B5F8F4D1F} = {C5508B3F-6097-4511-8882-7FD4882B1554}
		{306C904E-6A00-4733-B840-82937DC82A17} = {C5508B3F-6097-4511-8882-7FD4882B1554}
		{B2C7B74A-5225-4DBF-B495-9FB23C731FBE} = {FF13257A-EE66-4BF4-A8BE-E6F18BC4F9F0}
		{311610A7-3FAC-4391-931C-AFCFC2C5989D} = {6F146A4C-C085-4EB0-A34A-C869BB536C96}
		{E5AFBA25-2428-478C-95A6-3AFF5F1D1E2D} = {FF13257A-EE66-4BF4-A8BE-E6F18BC4F9F0}
		{51BF4455-66FF-4D8B-9683-947C9F44C782} = {E5AFBA25-2428-478C-95A6-3AFF5F1D1E2D}
		{26D1EC30-76D9-4726-98E8-9113A1A8E9A3} = {E5AFBA25-2428-478C-95A6-3AFF5F1D1E2D}
		{F962737F-CBC3-4067-AE26-410BEE2F52BA} = {E5AFBA25-2428-478C-95A6-3AFF5F1D1E2D}
		{EE526F72-0300-4A9D-B6AE-D783BDCCD708} = {FF13257A-EE66-4BF4-A8BE-E6F18BC4F9F0}
		{0FDAC0A7-44F6-4672-AA05-19C740D50D04} = {EE526F72-0300-4A9D-B6AE-D783BDCCD708}
		{92D0B635-91DD-4DFB-B8A5-C59207884613} = {EE526F72-0300-4A9D-B6AE-D783BDCCD708}
		{14884093-DECB-4EEB-B80C-F271864D14D6} = {C5508B3F-6097-4511-8882-7FD4882B1554}
		{FF19A8B3-5DB1-4848-A02B-8AFC3257445D} = {C5508B3F-6097-4511-8882-7FD4882B1554}
		{28EE7BA7-8474-4F6B-BBF0-1577DA3ED870} = {C5508B3F-6097-4511-8882-7FD4882B1554}
		{15A999EC-C224-47BC-865E-58088D870F11} = {C5508B3F-6097-4511-8882-7FD4882B1554}
		{32633342-AA10-4B97-9782-BFE85D77E577} = {C5508B3F-6097-4511-8882-7FD4882B1554}
		{5B98BE7F-B999-43C1-81BC-A9A1C47EAF09} = {0495913C-72B1-4968-8AA1-456C902B31B7}
		{CA92C773-4C80-4487-BC7F-7D5B3CCB9A0F} = {0495913C-72B1-4968-8AA1-456C902B31B7}
		{F6C53C6C-95A0-4267-9E45-A2E6B9FA0BCB} = {0495913C-72B1-4968-8AA1-456C902B31B7}
		{87354951-8485-4F36-A896-B30F251E1DC1} = {0495913C-72B1-4968-8AA1-456C902B31B7}
		{68681433-3DEC-4971-8066-CCCCFCCCD30D} = {0495913C-72B1-4968-8AA1-456C902B31B7}
		{9D4C7E48-F974-458B-978A-E00D04F8BE7C} = {FF13257A-EE66-4BF4-A8BE-E6F18BC4F9F0}
		{469BDE12-CE75-4979-99DF-5D939370F759} = {9D4C7E48-F974-458B-978A-E00D04F8BE7C}
		{20D82E2B-1FFD-41DB-B9F1-50B468815935} = {9D4C7E48-F974-458B-978A-E00D04F8BE7C}
		{72DAEAFF-7900-4CAC-83F1-F937A6BF384D} = {9D4C7E48-F974-458B-978A-E00D04F8BE7C}
		{C5D23ACE-0D18-49A0-A3DD-3DD1924DB522} = {9D4C7E48-F974-458B-978A-E00D04F8BE7C}
		{39141788-3E41-4F1C-AC49-BAE856616C1E} = {0495913C-72B1-4968-8AA1-456C902B31B7}
		{E41BF57C-12A8-40B4-A853-9D8820019921} = {0495913C-72B1-4968-8AA1-456C902B31B7}
		{6A5E3352-161C-4E26-BD56-2D4264BABAB5} = {E3406975-3776-4F69-99B8-0FE205CF2FAB}
		{02904170-8A43-4F8F-9367-6C455FDACEF2} = {E3406975-3776-4F69-99B8-0FE205CF2FAB}
		{C59B0817-DC22-420B-882F-6E5A343B9A2E} = {E3406975-3776-4F69-99B8-0FE205CF2FAB}
		{BCB89C67-E683-4D9A-A46C-667E720E0652} = {6F146A4C-C085-4EB0-A34A-C869BB536C96}
	EndGlobalSection
	GlobalSection(ExtensibilityGlobals) = postSolution
		SolutionGuid = {C76E2FBE-7A4E-4D56-A510-221BE75F0373}
	EndGlobalSection
EndGlobal
