
Microsoft Visual Studio Solution File, Format Version 12.00
# Visual Studio Version 16
VisualStudioVersion = 16.0.29519.87
MinimumVisualStudioVersion = 10.0.40219.1
Project("{9A19103F-16F7-4668-BE54-9A1E7A4F7556}") = "Ddl.Transpiler.Cli", "..\src\Ddl.Transpiler.Cli\Ddl.Transpiler.Cli.csproj", "{E2AE64D2-761E-47FA-A7E3-78D669691A6E}"
EndProject
Project("{9A19103F-16F7-4668-BE54-9A1E7A4F7556}") = "Ddl.Transpiler", "..\src\Ddl.Transpiler\Ddl.Transpiler.csproj", "{5CBB4ABA-3D9E-4201-9686-654ECEA7E1A9}"
EndProject
Project("{9A19103F-16F7-4668-BE54-9A1E7A4F7556}") = "Ddl.Parser", "..\src\Ddl.Parser\Ddl.Parser.csproj", "{EC0D92C3-5A9A-4C6B-8529-F6AA3FB46068}"
EndProject
Project("{9A19103F-16F7-4668-BE54-9A1E7A4F7556}") = "Ddl.Models", "..\src\Ddl.Models\Ddl.Models.csproj", "{63D85184-5994-4C24-B51E-57B7936F6CFC}"
EndProject
Global
	GlobalSection(SolutionConfigurationPlatforms) = preSolution
		Debug|Any CPU = Debug|Any CPU
		Release|Any CPU = Release|Any CPU
	EndGlobalSection
	GlobalSection(ProjectConfigurationPlatforms) = postSolution
		{E2AE64D2-761E-47FA-A7E3-78D669691A6E}.Debug|Any CPU.ActiveCfg = Debug|Any CPU
		{E2AE64D2-761E-47FA-A7E3-78D669691A6E}.Debug|Any CPU.Build.0 = Debug|Any CPU
		{E2AE64D2-761E-47FA-A7E3-78D669691A6E}.Release|Any CPU.ActiveCfg = Release|Any CPU
		{E2AE64D2-761E-47FA-A7E3-78D669691A6E}.Release|Any CPU.Build.0 = Release|Any CPU
		{5CBB4ABA-3D9E-4201-9686-654ECEA7E1A9}.Debug|Any CPU.ActiveCfg = Debug|Any CPU
		{5CBB4ABA-3D9E-4201-9686-654ECEA7E1A9}.Debug|Any CPU.Build.0 = Debug|Any CPU
		{5CBB4ABA-3D9E-4201-9686-654ECEA7E1A9}.Release|Any CPU.ActiveCfg = Release|Any CPU
		{5CBB4ABA-3D9E-4201-9686-654ECEA7E1A9}.Release|Any CPU.Build.0 = Release|Any CPU
		{EC0D92C3-5A9A-4C6B-8529-F6AA3FB46068}.Debug|Any CPU.ActiveCfg = Debug|Any CPU
		{EC0D92C3-5A9A-4C6B-8529-F6AA3FB46068}.Debug|Any CPU.Build.0 = Debug|Any CPU
		{EC0D92C3-5A9A-4C6B-8529-F6AA3FB46068}.Release|Any CPU.ActiveCfg = Release|Any CPU
		{EC0D92C3-5A9A-4C6B-8529-F6AA3FB46068}.Release|Any CPU.Build.0 = Release|Any CPU
		{63D85184-5994-4C24-B51E-57B7936F6CFC}.Debug|Any CPU.ActiveCfg = Debug|Any CPU
		{63D85184-5994-4C24-B51E-57B7936F6CFC}.Debug|Any CPU.Build.0 = Debug|Any CPU
		{63D85184-5994-4C24-B51E-57B7936F6CFC}.Release|Any CPU.ActiveCfg = Release|Any CPU
		{63D85184-5994-4C24-B51E-57B7936F6CFC}.Release|Any CPU.Build.0 = Release|Any CPU
	EndGlobalSection
	GlobalSection(SolutionProperties) = preSolution
		HideSolutionNode = FALSE
	EndGlobalSection
	GlobalSection(ExtensibilityGlobals) = postSolution
		SolutionGuid = {86BB6233-326C-453D-810B-1C63420E9750}
	EndGlobalSection
EndGlobal
