
Microsoft Visual Studio Solution File, Format Version 12.00
# Visual Studio Version 16
VisualStudioVersion = 16.0.29519.87
MinimumVisualStudioVersion = 10.0.40219.1
Project("{9A19103F-16F7-4668-BE54-9A1E7A4F7556}") = "Ddl.Transpiler", "..\src\Ddl.Transpiler\Ddl.Transpiler.csproj", "{936C96C5-E5BB-4447-A356-8CBE082F5B00}"
EndProject
Project("{9A19103F-16F7-4668-BE54-9A1E7A4F7556}") = "Ddl.Models", "..\src\Ddl.Models\Ddl.Models.csproj", "{BE7C7987-B622-442D-B594-BE69767579FF}"
EndProject
Project("{9A19103F-16F7-4668-BE54-9A1E7A4F7556}") = "Ddl.Parser", "..\src\Ddl.Parser\Ddl.Parser.csproj", "{3FE7C8E4-2B81-4A41-8D53-955297437852}"
EndProject
Project("{9A19103F-16F7-4668-BE54-9A1E7A4F7556}") = "Ddl.Parser.Tests", "..\tests\Ddl.Parser.Tests\Ddl.Parser.Tests.csproj", "{0669B37D-A8CF-4BC1-BFD5-73B9BCE190FD}"
EndProject
Project("{9A19103F-16F7-4668-BE54-9A1E7A4F7556}") = "Ddl.Lexer", "..\src\Ddl.Lexer\Ddl.Lexer.csproj", "{3A9E3D9D-72B0-4DA0-A9C4-E4E2B6DFDE2A}"
EndProject
Project("{9A19103F-16F7-4668-BE54-9A1E7A4F7556}") = "Ddl.Lexer.Tests", "..\tests\Ddl.Lexer.Tests\Ddl.Lexer.Tests.csproj", "{018472AB-9076-45A2-9712-143D5DB367C8}"
EndProject
Project("{9A19103F-16F7-4668-BE54-9A1E7A4F7556}") = "Ddl.Cli", "..\src\Ddl.Cli\Ddl.Cli.csproj", "{AA070188-81A9-4FF5-8272-68ECDD2F33C9}"
EndProject
Project("{9A19103F-16F7-4668-BE54-9A1E7A4F7556}") = "Ddl.Parser.Implementations", "..\src\Ddl.Parser.Implementations\Ddl.Parser.Implementations.csproj", "{68BD428E-5013-4537-A10C-ED498B689616}"
EndProject
Project("{9A19103F-16F7-4668-BE54-9A1E7A4F7556}") = "Ddl.Parser.Common", "..\src\Ddl.Parser.Common\Ddl.Parser.Common.csproj", "{FB8BB7DE-75F0-4402-B8BE-84BB3F3CD850}"
EndProject
Project("{9A19103F-16F7-4668-BE54-9A1E7A4F7556}") = "Ddl.Parser.Shared", "..\src\Ddl.Parser.Shared\Ddl.Parser.Shared.csproj", "{2505144E-0509-4415-B4F7-E9A79BAF287E}"
EndProject
Project("{FAE04EC0-301F-11D3-BF4B-00C04F79EFBC}") = "Ddl.Lexer.Shared", "..\src\Ddl.Lexer.Shared\Ddl.Lexer.Shared.csproj", "{51984FC2-BB25-444B-9296-35CBE02A8F76}"
EndProject
Project("{FAE04EC0-301F-11D3-BF4B-00C04F79EFBC}") = "Ddl.Shared", "..\src\Ddl.Shared\Ddl.Shared.csproj", "{811E1D4A-EFE8-4E9A-9308-9D7D9A0906A9}"
EndProject
Global
	GlobalSection(SolutionConfigurationPlatforms) = preSolution
		Debug|Any CPU = Debug|Any CPU
		Release|Any CPU = Release|Any CPU
	EndGlobalSection
	GlobalSection(ProjectConfigurationPlatforms) = postSolution
		{936C96C5-E5BB-4447-A356-8CBE082F5B00}.Debug|Any CPU.ActiveCfg = Debug|Any CPU
		{936C96C5-E5BB-4447-A356-8CBE082F5B00}.Debug|Any CPU.Build.0 = Debug|Any CPU
		{936C96C5-E5BB-4447-A356-8CBE082F5B00}.Release|Any CPU.ActiveCfg = Release|Any CPU
		{936C96C5-E5BB-4447-A356-8CBE082F5B00}.Release|Any CPU.Build.0 = Release|Any CPU
		{BE7C7987-B622-442D-B594-BE69767579FF}.Debug|Any CPU.ActiveCfg = Debug|Any CPU
		{BE7C7987-B622-442D-B594-BE69767579FF}.Debug|Any CPU.Build.0 = Debug|Any CPU
		{BE7C7987-B622-442D-B594-BE69767579FF}.Release|Any CPU.ActiveCfg = Release|Any CPU
		{BE7C7987-B622-442D-B594-BE69767579FF}.Release|Any CPU.Build.0 = Release|Any CPU
		{3FE7C8E4-2B81-4A41-8D53-955297437852}.Debug|Any CPU.ActiveCfg = Debug|Any CPU
		{3FE7C8E4-2B81-4A41-8D53-955297437852}.Debug|Any CPU.Build.0 = Debug|Any CPU
		{3FE7C8E4-2B81-4A41-8D53-955297437852}.Release|Any CPU.ActiveCfg = Release|Any CPU
		{3FE7C8E4-2B81-4A41-8D53-955297437852}.Release|Any CPU.Build.0 = Release|Any CPU
		{0669B37D-A8CF-4BC1-BFD5-73B9BCE190FD}.Debug|Any CPU.ActiveCfg = Debug|Any CPU
		{0669B37D-A8CF-4BC1-BFD5-73B9BCE190FD}.Debug|Any CPU.Build.0 = Debug|Any CPU
		{0669B37D-A8CF-4BC1-BFD5-73B9BCE190FD}.Release|Any CPU.ActiveCfg = Release|Any CPU
		{0669B37D-A8CF-4BC1-BFD5-73B9BCE190FD}.Release|Any CPU.Build.0 = Release|Any CPU
		{3A9E3D9D-72B0-4DA0-A9C4-E4E2B6DFDE2A}.Debug|Any CPU.ActiveCfg = Debug|Any CPU
		{3A9E3D9D-72B0-4DA0-A9C4-E4E2B6DFDE2A}.Debug|Any CPU.Build.0 = Debug|Any CPU
		{3A9E3D9D-72B0-4DA0-A9C4-E4E2B6DFDE2A}.Release|Any CPU.ActiveCfg = Release|Any CPU
		{3A9E3D9D-72B0-4DA0-A9C4-E4E2B6DFDE2A}.Release|Any CPU.Build.0 = Release|Any CPU
		{018472AB-9076-45A2-9712-143D5DB367C8}.Debug|Any CPU.ActiveCfg = Debug|Any CPU
		{018472AB-9076-45A2-9712-143D5DB367C8}.Debug|Any CPU.Build.0 = Debug|Any CPU
		{018472AB-9076-45A2-9712-143D5DB367C8}.Release|Any CPU.ActiveCfg = Release|Any CPU
		{018472AB-9076-45A2-9712-143D5DB367C8}.Release|Any CPU.Build.0 = Release|Any CPU
		{AA070188-81A9-4FF5-8272-68ECDD2F33C9}.Debug|Any CPU.ActiveCfg = Debug|Any CPU
		{AA070188-81A9-4FF5-8272-68ECDD2F33C9}.Debug|Any CPU.Build.0 = Debug|Any CPU
		{AA070188-81A9-4FF5-8272-68ECDD2F33C9}.Release|Any CPU.ActiveCfg = Release|Any CPU
		{AA070188-81A9-4FF5-8272-68ECDD2F33C9}.Release|Any CPU.Build.0 = Release|Any CPU
		{68BD428E-5013-4537-A10C-ED498B689616}.Debug|Any CPU.ActiveCfg = Debug|Any CPU
		{68BD428E-5013-4537-A10C-ED498B689616}.Debug|Any CPU.Build.0 = Debug|Any CPU
		{68BD428E-5013-4537-A10C-ED498B689616}.Release|Any CPU.ActiveCfg = Release|Any CPU
		{68BD428E-5013-4537-A10C-ED498B689616}.Release|Any CPU.Build.0 = Release|Any CPU
		{FB8BB7DE-75F0-4402-B8BE-84BB3F3CD850}.Debug|Any CPU.ActiveCfg = Debug|Any CPU
		{FB8BB7DE-75F0-4402-B8BE-84BB3F3CD850}.Debug|Any CPU.Build.0 = Debug|Any CPU
		{FB8BB7DE-75F0-4402-B8BE-84BB3F3CD850}.Release|Any CPU.ActiveCfg = Release|Any CPU
		{FB8BB7DE-75F0-4402-B8BE-84BB3F3CD850}.Release|Any CPU.Build.0 = Release|Any CPU
		{2505144E-0509-4415-B4F7-E9A79BAF287E}.Debug|Any CPU.ActiveCfg = Debug|Any CPU
		{2505144E-0509-4415-B4F7-E9A79BAF287E}.Debug|Any CPU.Build.0 = Debug|Any CPU
		{2505144E-0509-4415-B4F7-E9A79BAF287E}.Release|Any CPU.ActiveCfg = Release|Any CPU
		{2505144E-0509-4415-B4F7-E9A79BAF287E}.Release|Any CPU.Build.0 = Release|Any CPU
		{51984FC2-BB25-444B-9296-35CBE02A8F76}.Debug|Any CPU.ActiveCfg = Debug|Any CPU
		{51984FC2-BB25-444B-9296-35CBE02A8F76}.Debug|Any CPU.Build.0 = Debug|Any CPU
		{51984FC2-BB25-444B-9296-35CBE02A8F76}.Release|Any CPU.ActiveCfg = Release|Any CPU
		{51984FC2-BB25-444B-9296-35CBE02A8F76}.Release|Any CPU.Build.0 = Release|Any CPU
		{811E1D4A-EFE8-4E9A-9308-9D7D9A0906A9}.Debug|Any CPU.ActiveCfg = Debug|Any CPU
		{811E1D4A-EFE8-4E9A-9308-9D7D9A0906A9}.Debug|Any CPU.Build.0 = Debug|Any CPU
		{811E1D4A-EFE8-4E9A-9308-9D7D9A0906A9}.Release|Any CPU.ActiveCfg = Release|Any CPU
		{811E1D4A-EFE8-4E9A-9308-9D7D9A0906A9}.Release|Any CPU.Build.0 = Release|Any CPU
	EndGlobalSection
	GlobalSection(SolutionProperties) = preSolution
		HideSolutionNode = FALSE
	EndGlobalSection
	GlobalSection(ExtensibilityGlobals) = postSolution
		SolutionGuid = {C76E2FBE-7A4E-4D56-A510-221BE75F0373}
	EndGlobalSection
EndGlobal
