
Microsoft Visual Studio Solution File, Format Version 12.00
# Visual Studio Version 16
VisualStudioVersion = 16.0.29411.108
MinimumVisualStudioVersion = 10.0.40219.1
Project("{FAE04EC0-301F-11D3-BF4B-00C04F79EFBC}") = "Ddl.Parser", "Ddl.Parser.csproj", "{47AC2B9D-593D-4BA0-B493-4369DF8BAC89}"
EndProject
Global
	GlobalSection(SolutionConfigurationPlatforms) = preSolution
		Debug|Any CPU = Debug|Any CPU
		Release|Any CPU = Release|Any CPU
	EndGlobalSection
	GlobalSection(ProjectConfigurationPlatforms) = postSolution
		{47AC2B9D-593D-4BA0-B493-4369DF8BAC89}.Debug|Any CPU.ActiveCfg = Debug|Any CPU
		{47AC2B9D-593D-4BA0-B493-4369DF8BAC89}.Debug|Any CPU.Build.0 = Debug|Any CPU
		{47AC2B9D-593D-4BA0-B493-4369DF8BAC89}.Release|Any CPU.ActiveCfg = Release|Any CPU
		{47AC2B9D-593D-4BA0-B493-4369DF8BAC89}.Release|Any CPU.Build.0 = Release|Any CPU
	EndGlobalSection
	GlobalSection(SolutionProperties) = preSolution
		HideSolutionNode = FALSE
	EndGlobalSection
	GlobalSection(ExtensibilityGlobals) = postSolution
		SolutionGuid = {51A28070-7598-4D50-8654-DB531865FF43}
	EndGlobalSection
EndGlobal
